
Microsoft Visual Studio Solution File, Format Version 12.00
# Visual Studio Version 16
VisualStudioVersion = 16.0.31727.386
MinimumVisualStudioVersion = 10.0.40219.1
Project("{FAE04EC0-301F-11D3-BF4B-00C04F79EFBC}") = "TPPuissance4", "TPPuissance4.csproj", "{198C917A-E6FE-4456-AD06-1888F37BC1AA}"
EndProject
Global
	GlobalSection(SolutionConfigurationPlatforms) = preSolution
		Debug|Any CPU = Debug|Any CPU
		Release|Any CPU = Release|Any CPU
	EndGlobalSection
	GlobalSection(ProjectConfigurationPlatforms) = postSolution
		{198C917A-E6FE-4456-AD06-1888F37BC1AA}.Debug|Any CPU.ActiveCfg = Debug|Any CPU
		{198C917A-E6FE-4456-AD06-1888F37BC1AA}.Debug|Any CPU.Build.0 = Debug|Any CPU
		{198C917A-E6FE-4456-AD06-1888F37BC1AA}.Release|Any CPU.ActiveCfg = Release|Any CPU
		{198C917A-E6FE-4456-AD06-1888F37BC1AA}.Release|Any CPU.Build.0 = Release|Any CPU
	EndGlobalSection
	GlobalSection(SolutionProperties) = preSolution
		HideSolutionNode = FALSE
	EndGlobalSection
	GlobalSection(ExtensibilityGlobals) = postSolution
		SolutionGuid = {964C1CC9-F9D1-47D2-A885-2A33E13A5EAB}
	EndGlobalSection
EndGlobal
